
Microsoft Visual Studio Solution File, Format Version 12.00
# Visual Studio 15
Project("{FAE04EC0-301F-11D3-BF4B-00C04F79EFBC}") = "Assembly-CSharp", "Assembly-CSharp.csproj", "{D00E9C47-22A1-9CDD-5BE6-5C465C8E2927}"
EndProject
Project("{FAE04EC0-301F-11D3-BF4B-00C04F79EFBC}") = "Assembly-CSharp-Editor", "Assembly-CSharp-Editor.csproj", "{844FAC2A-D5F6-6D37-F92E-7E41A718FD27}"
EndProject
Global
	GlobalSection(SolutionConfigurationPlatforms) = preSolution
		Debug|Any CPU = Debug|Any CPU
		Release|Any CPU = Release|Any CPU
	EndGlobalSection
	GlobalSection(ProjectConfigurationPlatforms) = postSolution
		{D00E9C47-22A1-9CDD-5BE6-5C465C8E2927}.Debug|Any CPU.ActiveCfg = Debug|Any CPU
		{D00E9C47-22A1-9CDD-5BE6-5C465C8E2927}.Debug|Any CPU.Build.0 = Debug|Any CPU
		{D00E9C47-22A1-9CDD-5BE6-5C465C8E2927}.Release|Any CPU.ActiveCfg = Release|Any CPU
		{D00E9C47-22A1-9CDD-5BE6-5C465C8E2927}.Release|Any CPU.Build.0 = Release|Any CPU
		{844FAC2A-D5F6-6D37-F92E-7E41A718FD27}.Debug|Any CPU.ActiveCfg = Debug|Any CPU
		{844FAC2A-D5F6-6D37-F92E-7E41A718FD27}.Debug|Any CPU.Build.0 = Debug|Any CPU
		{844FAC2A-D5F6-6D37-F92E-7E41A718FD27}.Release|Any CPU.ActiveCfg = Release|Any CPU
		{844FAC2A-D5F6-6D37-F92E-7E41A718FD27}.Release|Any CPU.Build.0 = Release|Any CPU
	EndGlobalSection
	GlobalSection(SolutionProperties) = preSolution
		HideSolutionNode = FALSE
	EndGlobalSection
EndGlobal
